
Microsoft Visual Studio Solution File, Format Version 12.00
# Visual Studio Version 17
VisualStudioVersion = 17.10.34928.147
MinimumVisualStudioVersion = 10.0.40219.1
Project("{FAE04EC0-301F-11D3-BF4B-00C04F79EFBC}") = "assi 2 linq", "assi 2 linq.csproj", "{CFF4B1E6-5929-4018-9FAC-3259D21D0499}"
EndProject
Project("{2150E333-8FDC-42A3-9474-1A3956D46DE8}") = "data", "data", "{68D9BE6A-591C-428E-A286-37EE749F1145}"
	ProjectSection(SolutionItems) = preProject
		..\LinQ session 2 demo\data\ListGenerator.cs = ..\LinQ session 2 demo\data\ListGenerator.cs
	EndProjectSection
EndProject
Global
	GlobalSection(SolutionConfigurationPlatforms) = preSolution
		Debug|Any CPU = Debug|Any CPU
		Release|Any CPU = Release|Any CPU
	EndGlobalSection
	GlobalSection(ProjectConfigurationPlatforms) = postSolution
		{CFF4B1E6-5929-4018-9FAC-3259D21D0499}.Debug|Any CPU.ActiveCfg = Debug|Any CPU
		{CFF4B1E6-5929-4018-9FAC-3259D21D0499}.Debug|Any CPU.Build.0 = Debug|Any CPU
		{CFF4B1E6-5929-4018-9FAC-3259D21D0499}.Release|Any CPU.ActiveCfg = Release|Any CPU
		{CFF4B1E6-5929-4018-9FAC-3259D21D0499}.Release|Any CPU.Build.0 = Release|Any CPU
	EndGlobalSection
	GlobalSection(SolutionProperties) = preSolution
		HideSolutionNode = FALSE
	EndGlobalSection
	GlobalSection(ExtensibilityGlobals) = postSolution
		SolutionGuid = {FD17903D-C122-4144-891F-94D2F24CC469}
	EndGlobalSection
EndGlobal
